// !$*UTF8*$!
{
	archiveVersion = 1;
	classes = {
	};
	objectVersion = 56;
	objects = {

/* Begin PBXBuildFile section */
		7C1845232B42EBBB00CBA17E /* LandmarksApp.swift in Sources */ = {isa = PBXBuildFile; fileRef = 7C1845222B42EBBB00CBA17E /* LandmarksApp.swift */; };
		7C1845252B42EBBB00CBA17E /* ContentView.swift in Sources */ = {isa = PBXBuildFile; fileRef = 7C1845242B42EBBB00CBA17E /* ContentView.swift */; };
		7C1845272B42EBBD00CBA17E /* Assets.xcassets in Resources */ = {isa = PBXBuildFile; fileRef = 7C1845262B42EBBD00CBA17E /* Assets.xcassets */; };
		7C18452A2B42EBBD00CBA17E /* Preview Assets.xcassets in Resources */ = {isa = PBXBuildFile; fileRef = 7C1845292B42EBBD00CBA17E /* Preview Assets.xcassets */; };
		7C1845312B42F06100CBA17E /* CircleImage.swift in Sources */ = {isa = PBXBuildFile; fileRef = 7C1845302B42F06100CBA17E /* CircleImage.swift */; };
		7C1845332B42F11700CBA17E /* MapView.swift in Sources */ = {isa = PBXBuildFile; fileRef = 7C1845322B42F11700CBA17E /* MapView.swift */; };
		7C1845352B42FA3100CBA17E /* landmarkData.json in Resources */ = {isa = PBXBuildFile; fileRef = 7C1845342B42FA3100CBA17E /* landmarkData.json */; };
		7C1845372B42FA5400CBA17E /* Landmark.swift in Sources */ = {isa = PBXBuildFile; fileRef = 7C1845362B42FA5400CBA17E /* Landmark.swift */; };
		7C1845392B42FCF200CBA17E /* ModelData.swift in Sources */ = {isa = PBXBuildFile; fileRef = 7C1845382B42FCF200CBA17E /* ModelData.swift */; };
		7C18453E2B42FE9A00CBA17E /* LandmarkRow.swift in Sources */ = {isa = PBXBuildFile; fileRef = 7C18453D2B42FE9A00CBA17E /* LandmarkRow.swift */; };
		7C1845402B43003500CBA17E /* LandmarkList.swift in Sources */ = {isa = PBXBuildFile; fileRef = 7C18453F2B43003500CBA17E /* LandmarkList.swift */; };
		7C1845422B43013700CBA17E /* LandmarkDetail.swift in Sources */ = {isa = PBXBuildFile; fileRef = 7C1845412B43013700CBA17E /* LandmarkDetail.swift */; };
		7C8D078D2B431BEB00504BCF /* FavoriteButton.swift in Sources */ = {isa = PBXBuildFile; fileRef = 7C8D078C2B431BEB00504BCF /* FavoriteButton.swift */; };
		7C9027C22B4AA4B7003D14D5 /* HexagonParameters.swift in Sources */ = {isa = PBXBuildFile; fileRef = 7C9027C12B4AA4B7003D14D5 /* HexagonParameters.swift */; };
		7C9027C42B4AA6B8003D14D5 /* BadgeBackground.swift in Sources */ = {isa = PBXBuildFile; fileRef = 7C9027C32B4AA6B8003D14D5 /* BadgeBackground.swift */; };
		7C9027C62B4AA73A003D14D5 /* BadgeSymbol.swift in Sources */ = {isa = PBXBuildFile; fileRef = 7C9027C52B4AA73A003D14D5 /* BadgeSymbol.swift */; };
		7C9027C82B4AA78C003D14D5 /* RotatedBadgeSymbol.swift in Sources */ = {isa = PBXBuildFile; fileRef = 7C9027C72B4AA78C003D14D5 /* RotatedBadgeSymbol.swift */; };
		7C9027CA2B4AA7AE003D14D5 /* Badge.swift in Sources */ = {isa = PBXBuildFile; fileRef = 7C9027C92B4AA7AE003D14D5 /* Badge.swift */; };
		7C9027CD2B4AAE48003D14D5 /* hikeData.json in Resources */ = {isa = PBXBuildFile; fileRef = 7C9027CC2B4AAE48003D14D5 /* hikeData.json */; };
		7C9027CF2B4AAE64003D14D5 /* Hike.swift in Sources */ = {isa = PBXBuildFile; fileRef = 7C9027CE2B4AAE64003D14D5 /* Hike.swift */; };
		7C9027D52B4AAF83003D14D5 /* GraphCapsule.swift in Sources */ = {isa = PBXBuildFile; fileRef = 7C9027D12B4AAF83003D14D5 /* GraphCapsule.swift */; };
		7C9027D62B4AAF83003D14D5 /* HikeGraph.swift in Sources */ = {isa = PBXBuildFile; fileRef = 7C9027D22B4AAF83003D14D5 /* HikeGraph.swift */; };
		7C9027D72B4AAF83003D14D5 /* HikeDetail.swift in Sources */ = {isa = PBXBuildFile; fileRef = 7C9027D32B4AAF83003D14D5 /* HikeDetail.swift */; };
		7C9027D82B4AAF83003D14D5 /* HikeView.swift in Sources */ = {isa = PBXBuildFile; fileRef = 7C9027D42B4AAF83003D14D5 /* HikeView.swift */; };
		7C9027DC2B4AB87A003D14D5 /* CategoryHome.swift in Sources */ = {isa = PBXBuildFile; fileRef = 7C9027DB2B4AB87A003D14D5 /* CategoryHome.swift */; };
		7C9027DE2B4AB9B2003D14D5 /* CategoryRow.swift in Sources */ = {isa = PBXBuildFile; fileRef = 7C9027DD2B4AB9B2003D14D5 /* CategoryRow.swift */; };
		7C9027E02B4ABA6F003D14D5 /* CategoryItem.swift in Sources */ = {isa = PBXBuildFile; fileRef = 7C9027DF2B4ABA6F003D14D5 /* CategoryItem.swift */; };
/* End PBXBuildFile section */

/* Begin PBXFileReference section */
		7C18451F2B42EBBB00CBA17E /* Landmarks.app */ = {isa = PBXFileReference; explicitFileType = wrapper.application; includeInIndex = 0; path = Landmarks.app; sourceTree = BUILT_PRODUCTS_DIR; };
		7C1845222B42EBBB00CBA17E /* LandmarksApp.swift */ = {isa = PBXFileReference; lastKnownFileType = sourcecode.swift; path = LandmarksApp.swift; sourceTree = "<group>"; };
		7C1845242B42EBBB00CBA17E /* ContentView.swift */ = {isa = PBXFileReference; lastKnownFileType = sourcecode.swift; path = ContentView.swift; sourceTree = "<group>"; };
		7C1845262B42EBBD00CBA17E /* Assets.xcassets */ = {isa = PBXFileReference; lastKnownFileType = folder.assetcatalog; path = Assets.xcassets; sourceTree = "<group>"; };
		7C1845292B42EBBD00CBA17E /* Preview Assets.xcassets */ = {isa = PBXFileReference; lastKnownFileType = folder.assetcatalog; path = "Preview Assets.xcassets"; sourceTree = "<group>"; };
		7C1845302B42F06100CBA17E /* CircleImage.swift */ = {isa = PBXFileReference; lastKnownFileType = sourcecode.swift; path = CircleImage.swift; sourceTree = "<group>"; };
		7C1845322B42F11700CBA17E /* MapView.swift */ = {isa = PBXFileReference; lastKnownFileType = sourcecode.swift; path = MapView.swift; sourceTree = "<group>"; };
		7C1845342B42FA3100CBA17E /* landmarkData.json */ = {isa = PBXFileReference; fileEncoding = 4; lastKnownFileType = text.json; path = landmarkData.json; sourceTree = "<group>"; };
		7C1845362B42FA5400CBA17E /* Landmark.swift */ = {isa = PBXFileReference; lastKnownFileType = sourcecode.swift; path = Landmark.swift; sourceTree = "<group>"; };
		7C1845382B42FCF200CBA17E /* ModelData.swift */ = {isa = PBXFileReference; lastKnownFileType = sourcecode.swift; path = ModelData.swift; sourceTree = "<group>"; };
		7C18453D2B42FE9A00CBA17E /* LandmarkRow.swift */ = {isa = PBXFileReference; lastKnownFileType = sourcecode.swift; path = LandmarkRow.swift; sourceTree = "<group>"; };
		7C18453F2B43003500CBA17E /* LandmarkList.swift */ = {isa = PBXFileReference; lastKnownFileType = sourcecode.swift; path = LandmarkList.swift; sourceTree = "<group>"; };
		7C1845412B43013700CBA17E /* LandmarkDetail.swift */ = {isa = PBXFileReference; lastKnownFileType = sourcecode.swift; path = LandmarkDetail.swift; sourceTree = "<group>"; };
		7C8D078C2B431BEB00504BCF /* FavoriteButton.swift */ = {isa = PBXFileReference; lastKnownFileType = sourcecode.swift; path = FavoriteButton.swift; sourceTree = "<group>"; };
		7C9027C12B4AA4B7003D14D5 /* HexagonParameters.swift */ = {isa = PBXFileReference; lastKnownFileType = sourcecode.swift; path = HexagonParameters.swift; sourceTree = "<group>"; };
		7C9027C32B4AA6B8003D14D5 /* BadgeBackground.swift */ = {isa = PBXFileReference; lastKnownFileType = sourcecode.swift; path = BadgeBackground.swift; sourceTree = "<group>"; };
		7C9027C52B4AA73A003D14D5 /* BadgeSymbol.swift */ = {isa = PBXFileReference; lastKnownFileType = sourcecode.swift; path = BadgeSymbol.swift; sourceTree = "<group>"; };
		7C9027C72B4AA78C003D14D5 /* RotatedBadgeSymbol.swift */ = {isa = PBXFileReference; lastKnownFileType = sourcecode.swift; path = RotatedBadgeSymbol.swift; sourceTree = "<group>"; };
		7C9027C92B4AA7AE003D14D5 /* Badge.swift */ = {isa = PBXFileReference; lastKnownFileType = sourcecode.swift; path = Badge.swift; sourceTree = "<group>"; };
		7C9027CC2B4AAE48003D14D5 /* hikeData.json */ = {isa = PBXFileReference; fileEncoding = 4; lastKnownFileType = text.json; path = hikeData.json; sourceTree = "<group>"; };
		7C9027CE2B4AAE64003D14D5 /* Hike.swift */ = {isa = PBXFileReference; lastKnownFileType = sourcecode.swift; path = Hike.swift; sourceTree = "<group>"; };
		7C9027D12B4AAF83003D14D5 /* GraphCapsule.swift */ = {isa = PBXFileReference; fileEncoding = 4; lastKnownFileType = sourcecode.swift; path = GraphCapsule.swift; sourceTree = "<group>"; };
		7C9027D22B4AAF83003D14D5 /* HikeGraph.swift */ = {isa = PBXFileReference; fileEncoding = 4; lastKnownFileType = sourcecode.swift; path = HikeGraph.swift; sourceTree = "<group>"; };
		7C9027D32B4AAF83003D14D5 /* HikeDetail.swift */ = {isa = PBXFileReference; fileEncoding = 4; lastKnownFileType = sourcecode.swift; path = HikeDetail.swift; sourceTree = "<group>"; };
		7C9027D42B4AAF83003D14D5 /* HikeView.swift */ = {isa = PBXFileReference; fileEncoding = 4; lastKnownFileType = sourcecode.swift; path = HikeView.swift; sourceTree = "<group>"; };
		7C9027DB2B4AB87A003D14D5 /* CategoryHome.swift */ = {isa = PBXFileReference; lastKnownFileType = sourcecode.swift; path = CategoryHome.swift; sourceTree = "<group>"; };
		7C9027DD2B4AB9B2003D14D5 /* CategoryRow.swift */ = {isa = PBXFileReference; lastKnownFileType = sourcecode.swift; path = CategoryRow.swift; sourceTree = "<group>"; };
		7C9027DF2B4ABA6F003D14D5 /* CategoryItem.swift */ = {isa = PBXFileReference; lastKnownFileType = sourcecode.swift; path = CategoryItem.swift; sourceTree = "<group>"; };
/* End PBXFileReference section */

/* Begin PBXFrameworksBuildPhase section */
		7C18451C2B42EBBB00CBA17E /* Frameworks */ = {
			isa = PBXFrameworksBuildPhase;
			buildActionMask = 2147483647;
			files = (
			);
			runOnlyForDeploymentPostprocessing = 0;
		};
/* End PBXFrameworksBuildPhase section */

/* Begin PBXGroup section */
		7C1845162B42EBBB00CBA17E = {
			isa = PBXGroup;
			children = (
				7C1845212B42EBBB00CBA17E /* Landmarks */,
				7C1845202B42EBBB00CBA17E /* Products */,
			);
			sourceTree = "<group>";
		};
		7C1845202B42EBBB00CBA17E /* Products */ = {
			isa = PBXGroup;
			children = (
				7C18451F2B42EBBB00CBA17E /* Landmarks.app */,
			);
			name = Products;
			sourceTree = "<group>";
		};
		7C1845212B42EBBB00CBA17E /* Landmarks */ = {
			isa = PBXGroup;
			children = (
				7C18453A2B42FD8900CBA17E /* Views */,
				7C18453C2B42FDBB00CBA17E /* Resources */,
				7C18453B2B42FDA700CBA17E /* Model */,
				7C1845222B42EBBB00CBA17E /* LandmarksApp.swift */,
				7C1845262B42EBBD00CBA17E /* Assets.xcassets */,
				7C1845282B42EBBD00CBA17E /* Preview Content */,
			);
			path = Landmarks;
			sourceTree = "<group>";
		};
		7C1845282B42EBBD00CBA17E /* Preview Content */ = {
			isa = PBXGroup;
			children = (
				7C9027CC2B4AAE48003D14D5 /* hikeData.json */,
				7C1845342B42FA3100CBA17E /* landmarkData.json */,
				7C1845292B42EBBD00CBA17E /* Preview Assets.xcassets */,
				7C9027D02B4AAF83003D14D5 /* Hikes */,
			);
			path = "Preview Content";
			sourceTree = "<group>";
		};
		7C18453A2B42FD8900CBA17E /* Views */ = {
			isa = PBXGroup;
			children = (
				7C9027CB2B4AA7DA003D14D5 /* Badges */,
				7C8D07902B431C9C00504BCF /* Landmarks */,
				7C8D078E2B431C2600504BCF /* Helper */,
				7C1845242B42EBBB00CBA17E /* ContentView.swift */,
				7C9027DB2B4AB87A003D14D5 /* CategoryHome.swift */,
				7C9027DD2B4AB9B2003D14D5 /* CategoryRow.swift */,
				7C9027DF2B4ABA6F003D14D5 /* CategoryItem.swift */,
			);
			path = Views;
			sourceTree = "<group>";
		};
		7C18453B2B42FDA700CBA17E /* Model */ = {
			isa = PBXGroup;
			children = (
				7C1845382B42FCF200CBA17E /* ModelData.swift */,
				7C9027CE2B4AAE64003D14D5 /* Hike.swift */,
			);
			path = Model;
			sourceTree = "<group>";
		};
		7C18453C2B42FDBB00CBA17E /* Resources */ = {
			isa = PBXGroup;
			children = (
				7C1845362B42FA5400CBA17E /* Landmark.swift */,
			);
			path = Resources;
			sourceTree = "<group>";
		};
		7C8D078E2B431C2600504BCF /* Helper */ = {
			isa = PBXGroup;
			children = (
				7C1845302B42F06100CBA17E /* CircleImage.swift */,
				7C1845322B42F11700CBA17E /* MapView.swift */,
				7C8D078C2B431BEB00504BCF /* FavoriteButton.swift */,
			);
			path = Helper;
			sourceTree = "<group>";
		};
		7C8D07902B431C9C00504BCF /* Landmarks */ = {
			isa = PBXGroup;
			children = (
				7C18453D2B42FE9A00CBA17E /* LandmarkRow.swift */,
				7C18453F2B43003500CBA17E /* LandmarkList.swift */,
				7C1845412B43013700CBA17E /* LandmarkDetail.swift */,
			);
			path = Landmarks;
			sourceTree = "<group>";
		};
		7C9027CB2B4AA7DA003D14D5 /* Badges */ = {
			isa = PBXGroup;
			children = (
				7C9027C12B4AA4B7003D14D5 /* HexagonParameters.swift */,
				7C9027C32B4AA6B8003D14D5 /* BadgeBackground.swift */,
				7C9027C52B4AA73A003D14D5 /* BadgeSymbol.swift */,
				7C9027C72B4AA78C003D14D5 /* RotatedBadgeSymbol.swift */,
				7C9027C92B4AA7AE003D14D5 /* Badge.swift */,
			);
			path = Badges;
			sourceTree = "<group>";
		};
		7C9027D02B4AAF83003D14D5 /* Hikes */ = {
			isa = PBXGroup;
			children = (
				7C9027D12B4AAF83003D14D5 /* GraphCapsule.swift */,
				7C9027D22B4AAF83003D14D5 /* HikeGraph.swift */,
				7C9027D32B4AAF83003D14D5 /* HikeDetail.swift */,
				7C9027D42B4AAF83003D14D5 /* HikeView.swift */,
			);
			path = Hikes;
			sourceTree = "<group>";
		};
/* End PBXGroup section */

/* Begin PBXNativeTarget section */
		7C18451E2B42EBBB00CBA17E /* Landmarks */ = {
			isa = PBXNativeTarget;
			buildConfigurationList = 7C18452D2B42EBBD00CBA17E /* Build configuration list for PBXNativeTarget "Landmarks" */;
			buildPhases = (
				7C18451B2B42EBBB00CBA17E /* Sources */,
				7C18451C2B42EBBB00CBA17E /* Frameworks */,
				7C18451D2B42EBBB00CBA17E /* Resources */,
			);
			buildRules = (
			);
			dependencies = (
			);
			name = Landmarks;
			productName = Landmarks;
			productReference = 7C18451F2B42EBBB00CBA17E /* Landmarks.app */;
			productType = "com.apple.product-type.application";
		};
/* End PBXNativeTarget section */

/* Begin PBXProject section */
		7C1845172B42EBBB00CBA17E /* Project object */ = {
			isa = PBXProject;
			attributes = {
				BuildIndependentTargetsInParallel = 1;
				LastSwiftUpdateCheck = 1510;
				LastUpgradeCheck = 1510;
				TargetAttributes = {
					7C18451E2B42EBBB00CBA17E = {
						CreatedOnToolsVersion = 15.1;
					};
				};
			};
			buildConfigurationList = 7C18451A2B42EBBB00CBA17E /* Build configuration list for PBXProject "Landmarks" */;
			compatibilityVersion = "Xcode 14.0";
			developmentRegion = en;
			hasScannedForEncodings = 0;
			knownRegions = (
				en,
				Base,
			);
			mainGroup = 7C1845162B42EBBB00CBA17E;
			productRefGroup = 7C1845202B42EBBB00CBA17E /* Products */;
			projectDirPath = "";
			projectRoot = "";
			targets = (
				7C18451E2B42EBBB00CBA17E /* Landmarks */,
			);
		};
/* End PBXProject section */

/* Begin PBXResourcesBuildPhase section */
		7C18451D2B42EBBB00CBA17E /* Resources */ = {
			isa = PBXResourcesBuildPhase;
			buildActionMask = 2147483647;
			files = (
				7C9027CD2B4AAE48003D14D5 /* hikeData.json in Resources */,
				7C18452A2B42EBBD00CBA17E /* Preview Assets.xcassets in Resources */,
				7C1845272B42EBBD00CBA17E /* Assets.xcassets in Resources */,
				7C1845352B42FA3100CBA17E /* landmarkData.json in Resources */,
			);
			runOnlyForDeploymentPostprocessing = 0;
		};
/* End PBXResourcesBuildPhase section */

/* Begin PBXSourcesBuildPhase section */
		7C18451B2B42EBBB00CBA17E /* Sources */ = {
			isa = PBXSourcesBuildPhase;
			buildActionMask = 2147483647;
			files = (
				7C9027DE2B4AB9B2003D14D5 /* CategoryRow.swift in Sources */,
				7C1845252B42EBBB00CBA17E /* ContentView.swift in Sources */,
				7C9027DC2B4AB87A003D14D5 /* CategoryHome.swift in Sources */,
				7C9027D62B4AAF83003D14D5 /* HikeGraph.swift in Sources */,
				7C9027CA2B4AA7AE003D14D5 /* Badge.swift in Sources */,
				7C1845332B42F11700CBA17E /* MapView.swift in Sources */,
				7C9027D52B4AAF83003D14D5 /* GraphCapsule.swift in Sources */,
				7C1845232B42EBBB00CBA17E /* LandmarksApp.swift in Sources */,
				7C8D078D2B431BEB00504BCF /* FavoriteButton.swift in Sources */,
				7C9027E02B4ABA6F003D14D5 /* CategoryItem.swift in Sources */,
				7C9027D72B4AAF83003D14D5 /* HikeDetail.swift in Sources */,
				7C9027C22B4AA4B7003D14D5 /* HexagonParameters.swift in Sources */,
				7C9027CF2B4AAE64003D14D5 /* Hike.swift in Sources */,
				7C9027C82B4AA78C003D14D5 /* RotatedBadgeSymbol.swift in Sources */,
				7C9027C62B4AA73A003D14D5 /* BadgeSymbol.swift in Sources */,
				7C1845402B43003500CBA17E /* LandmarkList.swift in Sources */,
				7C9027D82B4AAF83003D14D5 /* HikeView.swift in Sources */,
				7C1845422B43013700CBA17E /* LandmarkDetail.swift in Sources */,
				7C9027C42B4AA6B8003D14D5 /* BadgeBackground.swift in Sources */,
				7C1845312B42F06100CBA17E /* CircleImage.swift in Sources */,
				7C1845372B42FA5400CBA17E /* Landmark.swift in Sources */,
				7C18453E2B42FE9A00CBA17E /* LandmarkRow.swift in Sources */,
				7C1845392B42FCF200CBA17E /* ModelData.swift in Sources */,
			);
			runOnlyForDeploymentPostprocessing = 0;
		};
/* End PBXSourcesBuildPhase section */

/* Begin XCBuildConfiguration section */
		7C18452B2B42EBBD00CBA17E /* Debug */ = {
			isa = XCBuildConfiguration;
			buildSettings = {
				ALWAYS_SEARCH_USER_PATHS = NO;
				ASSETCATALOG_COMPILER_GENERATE_SWIFT_ASSET_SYMBOL_EXTENSIONS = YES;
				CLANG_ANALYZER_NONNULL = YES;
				CLANG_ANALYZER_NUMBER_OBJECT_CONVERSION = YES_AGGRESSIVE;
				CLANG_CXX_LANGUAGE_STANDARD = "gnu++20";
				CLANG_ENABLE_MODULES = YES;
				CLANG_ENABLE_OBJC_ARC = YES;
				CLANG_ENABLE_OBJC_WEAK = YES;
				CLANG_WARN_BLOCK_CAPTURE_AUTORELEASING = YES;
				CLANG_WARN_BOOL_CONVERSION = YES;
				CLANG_WARN_COMMA = YES;
				CLANG_WARN_CONSTANT_CONVERSION = YES;
				CLANG_WARN_DEPRECATED_OBJC_IMPLEMENTATIONS = YES;
				CLANG_WARN_DIRECT_OBJC_ISA_USAGE = YES_ERROR;
				CLANG_WARN_DOCUMENTATION_COMMENTS = YES;
				CLANG_WARN_EMPTY_BODY = YES;
				CLANG_WARN_ENUM_CONVERSION = YES;
				CLANG_WARN_INFINITE_RECURSION = YES;
				CLANG_WARN_INT_CONVERSION = YES;
				CLANG_WARN_NON_LITERAL_NULL_CONVERSION = YES;
				CLANG_WARN_OBJC_IMPLICIT_RETAIN_SELF = YES;
				CLANG_WARN_OBJC_LITERAL_CONVERSION = YES;
				CLANG_WARN_OBJC_ROOT_CLASS = YES_ERROR;
				CLANG_WARN_QUOTED_INCLUDE_IN_FRAMEWORK_HEADER = YES;
				CLANG_WARN_RANGE_LOOP_ANALYSIS = YES;
				CLANG_WARN_STRICT_PROTOTYPES = YES;
				CLANG_WARN_SUSPICIOUS_MOVE = YES;
				CLANG_WARN_UNGUARDED_AVAILABILITY = YES_AGGRESSIVE;
				CLANG_WARN_UNREACHABLE_CODE = YES;
				CLANG_WARN__DUPLICATE_METHOD_MATCH = YES;
				COPY_PHASE_STRIP = NO;
				DEBUG_INFORMATION_FORMAT = dwarf;
				ENABLE_STRICT_OBJC_MSGSEND = YES;
				ENABLE_TESTABILITY = YES;
				ENABLE_USER_SCRIPT_SANDBOXING = YES;
				GCC_C_LANGUAGE_STANDARD = gnu17;
				GCC_DYNAMIC_NO_PIC = NO;
				GCC_NO_COMMON_BLOCKS = YES;
				GCC_OPTIMIZATION_LEVEL = 0;
				GCC_PREPROCESSOR_DEFINITIONS = (
					"DEBUG=1",
					"$(inherited)",
				);
				GCC_WARN_64_TO_32_BIT_CONVERSION = YES;
				GCC_WARN_ABOUT_RETURN_TYPE = YES_ERROR;
				GCC_WARN_UNDECLARED_SELECTOR = YES;
				GCC_WARN_UNINITIALIZED_AUTOS = YES_AGGRESSIVE;
				GCC_WARN_UNUSED_FUNCTION = YES;
				GCC_WARN_UNUSED_VARIABLE = YES;
				IPHONEOS_DEPLOYMENT_TARGET = 17.2;
				LOCALIZATION_PREFERS_STRING_CATALOGS = YES;
				MTL_ENABLE_DEBUG_INFO = INCLUDE_SOURCE;
				MTL_FAST_MATH = YES;
				ONLY_ACTIVE_ARCH = YES;
				SDKROOT = iphoneos;
				SWIFT_ACTIVE_COMPILATION_CONDITIONS = "DEBUG $(inherited)";
				SWIFT_OPTIMIZATION_LEVEL = "-Onone";
			};
			name = Debug;
		};
		7C18452C2B42EBBD00CBA17E /* Release */ = {
			isa = XCBuildConfiguration;
			buildSettings = {
				ALWAYS_SEARCH_USER_PATHS = NO;
				ASSETCATALOG_COMPILER_GENERATE_SWIFT_ASSET_SYMBOL_EXTENSIONS = YES;
				CLANG_ANALYZER_NONNULL = YES;
				CLANG_ANALYZER_NUMBER_OBJECT_CONVERSION = YES_AGGRESSIVE;
				CLANG_CXX_LANGUAGE_STANDARD = "gnu++20";
				CLANG_ENABLE_MODULES = YES;
				CLANG_ENABLE_OBJC_ARC = YES;
				CLANG_ENABLE_OBJC_WEAK = YES;
				CLANG_WARN_BLOCK_CAPTURE_AUTORELEASING = YES;
				CLANG_WARN_BOOL_CONVERSION = YES;
				CLANG_WARN_COMMA = YES;
				CLANG_WARN_CONSTANT_CONVERSION = YES;
				CLANG_WARN_DEPRECATED_OBJC_IMPLEMENTATIONS = YES;
				CLANG_WARN_DIRECT_OBJC_ISA_USAGE = YES_ERROR;
				CLANG_WARN_DOCUMENTATION_COMMENTS = YES;
				CLANG_WARN_EMPTY_BODY = YES;
				CLANG_WARN_ENUM_CONVERSION = YES;
				CLANG_WARN_INFINITE_RECURSION = YES;
				CLANG_WARN_INT_CONVERSION = YES;
				CLANG_WARN_NON_LITERAL_NULL_CONVERSION = YES;
				CLANG_WARN_OBJC_IMPLICIT_RETAIN_SELF = YES;
				CLANG_WARN_OBJC_LITERAL_CONVERSION = YES;
				CLANG_WARN_OBJC_ROOT_CLASS = YES_ERROR;
				CLANG_WARN_QUOTED_INCLUDE_IN_FRAMEWORK_HEADER = YES;
				CLANG_WARN_RANGE_LOOP_ANALYSIS = YES;
				CLANG_WARN_STRICT_PROTOTYPES = YES;
				CLANG_WARN_SUSPICIOUS_MOVE = YES;
				CLANG_WARN_UNGUARDED_AVAILABILITY = YES_AGGRESSIVE;
				CLANG_WARN_UNREACHABLE_CODE = YES;
				CLANG_WARN__DUPLICATE_METHOD_MATCH = YES;
				COPY_PHASE_STRIP = NO;
				DEBUG_INFORMATION_FORMAT = "dwarf-with-dsym";
				ENABLE_NS_ASSERTIONS = NO;
				ENABLE_STRICT_OBJC_MSGSEND = YES;
				ENABLE_USER_SCRIPT_SANDBOXING = YES;
				GCC_C_LANGUAGE_STANDARD = gnu17;
				GCC_NO_COMMON_BLOCKS = YES;
				GCC_WARN_64_TO_32_BIT_CONVERSION = YES;
				GCC_WARN_ABOUT_RETURN_TYPE = YES_ERROR;
				GCC_WARN_UNDECLARED_SELECTOR = YES;
				GCC_WARN_UNINITIALIZED_AUTOS = YES_AGGRESSIVE;
				GCC_WARN_UNUSED_FUNCTION = YES;
				GCC_WARN_UNUSED_VARIABLE = YES;
				IPHONEOS_DEPLOYMENT_TARGET = 17.2;
				LOCALIZATION_PREFERS_STRING_CATALOGS = YES;
				MTL_ENABLE_DEBUG_INFO = NO;
				MTL_FAST_MATH = YES;
				SDKROOT = iphoneos;
				SWIFT_COMPILATION_MODE = wholemodule;
				VALIDATE_PRODUCT = YES;
			};
			name = Release;
		};
		7C18452E2B42EBBD00CBA17E /* Debug */ = {
			isa = XCBuildConfiguration;
			buildSettings = {
				ASSETCATALOG_COMPILER_APPICON_NAME = AppIcon;
				ASSETCATALOG_COMPILER_GLOBAL_ACCENT_COLOR_NAME = AccentColor;
				CODE_SIGN_STYLE = Automatic;
				CURRENT_PROJECT_VERSION = 1;
				DEVELOPMENT_ASSET_PATHS = "\"Landmarks/Preview Content\"";
				DEVELOPMENT_TEAM = Y684723FD5;
				ENABLE_PREVIEWS = YES;
				GENERATE_INFOPLIST_FILE = YES;
				INFOPLIST_KEY_UIApplicationSceneManifest_Generation = YES;
				INFOPLIST_KEY_UIApplicationSupportsIndirectInputEvents = YES;
				INFOPLIST_KEY_UILaunchScreen_Generation = YES;
				INFOPLIST_KEY_UISupportedInterfaceOrientations_iPad = "UIInterfaceOrientationPortrait UIInterfaceOrientationPortraitUpsideDown UIInterfaceOrientationLandscapeLeft UIInterfaceOrientationLandscapeRight";
				INFOPLIST_KEY_UISupportedInterfaceOrientations_iPhone = "UIInterfaceOrientationPortrait UIInterfaceOrientationLandscapeLeft UIInterfaceOrientationLandscapeRight";
				LD_RUNPATH_SEARCH_PATHS = (
					"$(inherited)",
					"@executable_path/Frameworks",
				);
				MARKETING_VERSION = 1.0;
				PRODUCT_BUNDLE_IDENTIFIER = co.sargin.Landmarks;
				PRODUCT_NAME = "$(TARGET_NAME)";
				SWIFT_EMIT_LOC_STRINGS = YES;
				SWIFT_VERSION = 5.0;
				TARGETED_DEVICE_FAMILY = "1,2";
			};
			name = Debug;
		};
		7C18452F2B42EBBD00CBA17E /* Release */ = {
			isa = XCBuildConfiguration;
			buildSettings = {
				ASSETCATALOG_COMPILER_APPICON_NAME = AppIcon;
				ASSETCATALOG_COMPILER_GLOBAL_ACCENT_COLOR_NAME = AccentColor;
				CODE_SIGN_STYLE = Automatic;
				CURRENT_PROJECT_VERSION = 1;
				DEVELOPMENT_ASSET_PATHS = "\"Landmarks/Preview Content\"";
				DEVELOPMENT_TEAM = Y684723FD5;
				ENABLE_PREVIEWS = YES;
				GENERATE_INFOPLIST_FILE = YES;
				INFOPLIST_KEY_UIApplicationSceneManifest_Generation = YES;
				INFOPLIST_KEY_UIApplicationSupportsIndirectInputEvents = YES;
				INFOPLIST_KEY_UILaunchScreen_Generation = YES;
				INFOPLIST_KEY_UISupportedInterfaceOrientations_iPad = "UIInterfaceOrientationPortrait UIInterfaceOrientationPortraitUpsideDown UIInterfaceOrientationLandscapeLeft UIInterfaceOrientationLandscapeRight";
				INFOPLIST_KEY_UISupportedInterfaceOrientations_iPhone = "UIInterfaceOrientationPortrait UIInterfaceOrientationLandscapeLeft UIInterfaceOrientationLandscapeRight";
				LD_RUNPATH_SEARCH_PATHS = (
					"$(inherited)",
					"@executable_path/Frameworks",
				);
				MARKETING_VERSION = 1.0;
				PRODUCT_BUNDLE_IDENTIFIER = co.sargin.Landmarks;
				PRODUCT_NAME = "$(TARGET_NAME)";
				SWIFT_EMIT_LOC_STRINGS = YES;
				SWIFT_VERSION = 5.0;
				TARGETED_DEVICE_FAMILY = "1,2";
			};
			name = Release;
		};
/* End XCBuildConfiguration section */

/* Begin XCConfigurationList section */
		7C18451A2B42EBBB00CBA17E /* Build configuration list for PBXProject "Landmarks" */ = {
			isa = XCConfigurationList;
			buildConfigurations = (
				7C18452B2B42EBBD00CBA17E /* Debug */,
				7C18452C2B42EBBD00CBA17E /* Release */,
			);
			defaultConfigurationIsVisible = 0;
			defaultConfigurationName = Release;
		};
		7C18452D2B42EBBD00CBA17E /* Build configuration list for PBXNativeTarget "Landmarks" */ = {
			isa = XCConfigurationList;
			buildConfigurations = (
				7C18452E2B42EBBD00CBA17E /* Debug */,
				7C18452F2B42EBBD00CBA17E /* Release */,
			);
			defaultConfigurationIsVisible = 0;
			defaultConfigurationName = Release;
		};
/* End XCConfigurationList section */
	};
	rootObject = 7C1845172B42EBBB00CBA17E /* Project object */;
}
